
Microsoft Visual Studio Solution File, Format Version 12.00
# Visual Studio 15
VisualStudioVersion = 15.0.27004.2010
MinimumVisualStudioVersion = 10.0.40219.1
Project("{FAE04EC0-301F-11D3-BF4B-00C04F79EFBC}") = "CoreMVC", "CoreMVC\CoreMVC.csproj", "{201F9BC3-776A-471A-8AC4-3C0C27FDADBE}"
EndProject
Global
	GlobalSection(SolutionConfigurationPlatforms) = preSolution
		Debug|Any CPU = Debug|Any CPU
		Release|Any CPU = Release|Any CPU
	EndGlobalSection
	GlobalSection(ProjectConfigurationPlatforms) = postSolution
		{201F9BC3-776A-471A-8AC4-3C0C27FDADBE}.Debug|Any CPU.ActiveCfg = Debug|Any CPU
		{201F9BC3-776A-471A-8AC4-3C0C27FDADBE}.Debug|Any CPU.Build.0 = Debug|Any CPU
		{201F9BC3-776A-471A-8AC4-3C0C27FDADBE}.Release|Any CPU.ActiveCfg = Release|Any CPU
		{201F9BC3-776A-471A-8AC4-3C0C27FDADBE}.Release|Any CPU.Build.0 = Release|Any CPU
	EndGlobalSection
	GlobalSection(SolutionProperties) = preSolution
		HideSolutionNode = FALSE
	EndGlobalSection
	GlobalSection(ExtensibilityGlobals) = postSolution
		SolutionGuid = {55C58513-E086-425B-BE0B-EBF1D6D9B30D}
	EndGlobalSection
EndGlobal
